
Microsoft Visual Studio Solution File, Format Version 12.00
# Visual Studio 2012
VisualStudioVersion = 12.0.31101.0
MinimumVisualStudioVersion = 10.0.40219.1
Project("{FAE04EC0-301F-11D3-BF4B-00C04F79EFBC}") = "MainApp", "MainApp\MainApp\MainApp.csproj", "{3FB8DAA1-71FE-4E92-8E32-9F91DE50127C}"
EndProject
Project("{FAE04EC0-301F-11D3-BF4B-00C04F79EFBC}") = "MainApp.Droid", "MainApp\MainApp.Droid\MainApp.Droid.csproj", "{F2CC5B62-CE35-48DA-A828-5EC761E84CA5}"
EndProject
Project("{FAE04EC0-301F-11D3-BF4B-00C04F79EFBC}") = "MainApp.WinPhone", "MainApp\MainApp.WinPhone\MainApp.WinPhone.csproj", "{B29084FF-2414-427C-B278-5284F1BDBC31}"
EndProject
Project("{FAE04EC0-301F-11D3-BF4B-00C04F79EFBC}") = "MainApp.Windows81", "MainApp.Windows81\MainApp.Windows81.csproj", "{F7C5E00C-093A-4C10-9A3D-0FD01C9D21FE}"
EndProject
Project("{2150E333-8FDC-42A3-9474-1A3956D46DE8}") = "Common", "Common", "{294C534A-89CB-4452-881C-1B9C4C9B0C35}"
EndProject
Project("{FAE04EC0-301F-11D3-BF4B-00C04F79EFBC}") = "MainProject.Common", "Common\MainProject.Common\MainProject.Common.csproj", "{67F9D3A8-F71E-4428-913F-C37AE82CDB24}"
EndProject
Project("{FAE04EC0-301F-11D3-BF4B-00C04F79EFBC}") = "Library", "Common\Library\Library.csproj", "{645A99FC-DC8B-4A34-9B0E-27C2FD719218}"
EndProject
Project("{FAE04EC0-301F-11D3-BF4B-00C04F79EFBC}") = "Xamarin.FormsBook.Toolkit", "Common\Xamarin.FormsBook.Toolkit\Xamarin.FormsBook.Toolkit\Xamarin.FormsBook.Toolkit.csproj", "{58EEAFFF-D1BB-4375-AEFC-8270F8415DCE}"
EndProject
Project("{2150E333-8FDC-42A3-9474-1A3956D46DE8}") = ".nuget", ".nuget", "{A36872A7-D75B-4B39-A811-4D6E0B1C65C6}"
	ProjectSection(SolutionItems) = preProject
		.nuget\NuGet.Config = .nuget\NuGet.Config
		.nuget\NuGet.exe = .nuget\NuGet.exe
		.nuget\NuGet.targets = .nuget\NuGet.targets
	EndProjectSection
EndProject
Project("{2150E333-8FDC-42A3-9474-1A3956D46DE8}") = "Data", "Data", "{3AF05842-16AC-4E07-8A63-1479B84BD8E9}"
EndProject
Project("{FAE04EC0-301F-11D3-BF4B-00C04F79EFBC}") = "MainApp.Data", "Data\MainApp.Data\MainApp.Data.csproj", "{D76CCB16-E6DF-4EA8-AFC6-BA91132756B8}"
EndProject
Project("{2150E333-8FDC-42A3-9474-1A3956D46DE8}") = "Services", "Services", "{8F496A84-6E1C-4D8F-8542-F029D9CFEAEA}"
EndProject
Project("{FAE04EC0-301F-11D3-BF4B-00C04F79EFBC}") = "MainApp.Services", "Services\MainApp.Services\MainApp.Services.csproj", "{E6F3182E-2970-4525-BB52-71935287E8D2}"
EndProject
Project("{2150E333-8FDC-42A3-9474-1A3956D46DE8}") = "UI", "UI", "{D14604FB-9561-4718-B0B0-B62F531536BD}"
EndProject
Project("{2150E333-8FDC-42A3-9474-1A3956D46DE8}") = "Common", "Common", "{924654BF-A4DD-4A9B-B4EA-09DC0F90FD2A}"
EndProject
Project("{FAE04EC0-301F-11D3-BF4B-00C04F79EFBC}") = "MainApp.UI.Common", "UI\Common\MainApp.UI.Common\MainApp.UI.Common.csproj", "{091E2EDB-68C1-4E91-A38D-9ADEAAAD1F82}"
EndProject
Project("{FAE04EC0-301F-11D3-BF4B-00C04F79EFBC}") = "MainApp.UI.Common.Views", "UI\Common\Views\MainApp.UI.Common.Views\MainApp.UI.Common.Views.csproj", "{AB85F90E-2172-493E-B5D1-57F929557F86}"
EndProject
Project("{FAE04EC0-301F-11D3-BF4B-00C04F79EFBC}") = "MainApp.UI.Common.VVms", "UI\Common\VVms\MainApp.UI.Common.VVms\MainApp.UI.Common.VVms.csproj", "{8711265B-1D11-4481-8129-90F56B6D2CB8}"
EndProject
Project("{2150E333-8FDC-42A3-9474-1A3956D46DE8}") = "Data", "Data", "{9E72851D-D5D0-494E-9506-F7F93A9B7C68}"
EndProject
Project("{FAE04EC0-301F-11D3-BF4B-00C04F79EFBC}") = "MainApp.UI.Data", "UI\Data\MainApp.UI.Data\MainApp.UI.Data.csproj", "{3E1BD44C-9E1D-4743-B0EF-B2BE0427F15B}"
EndProject
Project("{2150E333-8FDC-42A3-9474-1A3956D46DE8}") = "Services", "Services", "{211B78FE-600C-4B05-9154-583267D866DA}"
EndProject
Project("{FAE04EC0-301F-11D3-BF4B-00C04F79EFBC}") = "MainApp.UI.Services", "UI\Services\MainApp.UI.Services\MainApp.UI.Services.csproj", "{65249DF3-6ABF-4C78-9205-3E79F79E4E75}"
EndProject
Project("{2150E333-8FDC-42A3-9474-1A3956D46DE8}") = "Platform", "Platform", "{2685341B-F499-41A3-B3E9-BBC3BE281712}"
EndProject
Project("{2150E333-8FDC-42A3-9474-1A3956D46DE8}") = "Android", "Android", "{8C9A21BF-BCD6-4F28-ACFF-F6C1BA2088B5}"
EndProject
Project("{2150E333-8FDC-42A3-9474-1A3956D46DE8}") = "iOS", "iOS", "{E9CD078B-AC62-423D-836E-FF9BFE6DC012}"
EndProject
Project("{2150E333-8FDC-42A3-9474-1A3956D46DE8}") = "Windows81", "Windows81", "{08740C3A-D833-448D-B1B2-788F622238E2}"
EndProject
Project("{2150E333-8FDC-42A3-9474-1A3956D46DE8}") = "WindowsPhone80", "WindowsPhone80", "{87AC0E14-EE17-4F73-A2EE-4968850F5D51}"
EndProject
Project("{2150E333-8FDC-42A3-9474-1A3956D46DE8}") = "WindowsPhone81", "WindowsPhone81", "{3DB91BCD-41F2-4A79-AEFF-649C77C2D878}"
EndProject
Project("{2150E333-8FDC-42A3-9474-1A3956D46DE8}") = "DataBases", "DataBases", "{F7B8C9FB-73F1-49BE-8E17-91D23DCE87C0}"
EndProject
Project("{FAE04EC0-301F-11D3-BF4B-00C04F79EFBC}") = "MainApp.UI.DataBases", "UI\DataBases\MainApp.UI.DataBases\MainApp.UI.DataBases.csproj", "{4837CFC3-C328-4621-8973-B3A020D7D4A5}"
EndProject
Project("{FAE04EC0-301F-11D3-BF4B-00C04F79EFBC}") = "MainApp.WinPhone81", "MainApp\MainApp.WinPhone81\MainApp.WinPhone81.csproj", "{736B61A6-AB4B-404A-8253-4D67C38B710D}"
EndProject
Project("{FAE04EC0-301F-11D3-BF4B-00C04F79EFBC}") = "MainAppD.iOS", "MainApp\iOS\MainAppD.iOS.csproj", "{06115CF6-2F62-4648-B323-84EBBDA634E1}"
EndProject
Global
	GlobalSection(SolutionConfigurationPlatforms) = preSolution
		Debug|Any CPU = Debug|Any CPU
		Debug|ARM = Debug|ARM
		Debug|x64 = Debug|x64
		Debug|x86 = Debug|x86
		Release|Any CPU = Release|Any CPU
		Release|ARM = Release|ARM
		Release|x64 = Release|x64
		Release|x86 = Release|x86
		Debug|iPhoneSimulator = Debug|iPhoneSimulator
		Release|iPhone = Release|iPhone
		Release|iPhoneSimulator = Release|iPhoneSimulator
		Debug|iPhone = Debug|iPhone
	EndGlobalSection
	GlobalSection(ProjectConfigurationPlatforms) = postSolution
		{06115CF6-2F62-4648-B323-84EBBDA634E1}.Debug|Any CPU.ActiveCfg = Debug|iPhoneSimulator
		{06115CF6-2F62-4648-B323-84EBBDA634E1}.Debug|Any CPU.Build.0 = Debug|iPhoneSimulator
		{06115CF6-2F62-4648-B323-84EBBDA634E1}.Debug|ARM.ActiveCfg = Debug|iPhoneSimulator
		{06115CF6-2F62-4648-B323-84EBBDA634E1}.Debug|ARM.Build.0 = Debug|iPhoneSimulator
		{06115CF6-2F62-4648-B323-84EBBDA634E1}.Debug|iPhone.ActiveCfg = Debug|iPhone
		{06115CF6-2F62-4648-B323-84EBBDA634E1}.Debug|iPhone.Build.0 = Debug|iPhone
		{06115CF6-2F62-4648-B323-84EBBDA634E1}.Debug|iPhoneSimulator.ActiveCfg = Debug|iPhoneSimulator
		{06115CF6-2F62-4648-B323-84EBBDA634E1}.Debug|iPhoneSimulator.Build.0 = Debug|iPhoneSimulator
		{06115CF6-2F62-4648-B323-84EBBDA634E1}.Debug|x64.ActiveCfg = Debug|iPhoneSimulator
		{06115CF6-2F62-4648-B323-84EBBDA634E1}.Debug|x64.Build.0 = Debug|iPhoneSimulator
		{06115CF6-2F62-4648-B323-84EBBDA634E1}.Debug|x86.ActiveCfg = Debug|iPhoneSimulator
		{06115CF6-2F62-4648-B323-84EBBDA634E1}.Debug|x86.Build.0 = Debug|iPhoneSimulator
		{06115CF6-2F62-4648-B323-84EBBDA634E1}.Release|Any CPU.ActiveCfg = Release|iPhone
		{06115CF6-2F62-4648-B323-84EBBDA634E1}.Release|Any CPU.Build.0 = Release|iPhone
		{06115CF6-2F62-4648-B323-84EBBDA634E1}.Release|ARM.ActiveCfg = Release|iPhone
		{06115CF6-2F62-4648-B323-84EBBDA634E1}.Release|ARM.Build.0 = Release|iPhone
		{06115CF6-2F62-4648-B323-84EBBDA634E1}.Release|iPhone.ActiveCfg = Release|iPhone
		{06115CF6-2F62-4648-B323-84EBBDA634E1}.Release|iPhone.Build.0 = Release|iPhone
		{06115CF6-2F62-4648-B323-84EBBDA634E1}.Release|iPhoneSimulator.ActiveCfg = Release|iPhoneSimulator
		{06115CF6-2F62-4648-B323-84EBBDA634E1}.Release|iPhoneSimulator.Build.0 = Release|iPhoneSimulator
		{06115CF6-2F62-4648-B323-84EBBDA634E1}.Release|x64.ActiveCfg = Release|iPhone
		{06115CF6-2F62-4648-B323-84EBBDA634E1}.Release|x64.Build.0 = Release|iPhone
		{06115CF6-2F62-4648-B323-84EBBDA634E1}.Release|x86.ActiveCfg = Release|iPhone
		{06115CF6-2F62-4648-B323-84EBBDA634E1}.Release|x86.Build.0 = Release|iPhone
		{091E2EDB-68C1-4E91-A38D-9ADEAAAD1F82}.Debug|Any CPU.ActiveCfg = Debug|Any CPU
		{091E2EDB-68C1-4E91-A38D-9ADEAAAD1F82}.Debug|Any CPU.Build.0 = Debug|Any CPU
		{091E2EDB-68C1-4E91-A38D-9ADEAAAD1F82}.Debug|ARM.ActiveCfg = Debug|Any CPU
		{091E2EDB-68C1-4E91-A38D-9ADEAAAD1F82}.Debug|iPhone.ActiveCfg = Debug|Any CPU
		{091E2EDB-68C1-4E91-A38D-9ADEAAAD1F82}.Debug|iPhone.Build.0 = Debug|Any CPU
		{091E2EDB-68C1-4E91-A38D-9ADEAAAD1F82}.Debug|iPhoneSimulator.ActiveCfg = Debug|Any CPU
		{091E2EDB-68C1-4E91-A38D-9ADEAAAD1F82}.Debug|iPhoneSimulator.Build.0 = Debug|Any CPU
		{091E2EDB-68C1-4E91-A38D-9ADEAAAD1F82}.Debug|x64.ActiveCfg = Debug|Any CPU
		{091E2EDB-68C1-4E91-A38D-9ADEAAAD1F82}.Debug|x86.ActiveCfg = Debug|Any CPU
		{091E2EDB-68C1-4E91-A38D-9ADEAAAD1F82}.Release|Any CPU.ActiveCfg = Release|Any CPU
		{091E2EDB-68C1-4E91-A38D-9ADEAAAD1F82}.Release|Any CPU.Build.0 = Release|Any CPU
		{091E2EDB-68C1-4E91-A38D-9ADEAAAD1F82}.Release|ARM.ActiveCfg = Release|Any CPU
		{091E2EDB-68C1-4E91-A38D-9ADEAAAD1F82}.Release|iPhone.ActiveCfg = Release|Any CPU
		{091E2EDB-68C1-4E91-A38D-9ADEAAAD1F82}.Release|iPhone.Build.0 = Release|Any CPU
		{091E2EDB-68C1-4E91-A38D-9ADEAAAD1F82}.Release|iPhoneSimulator.ActiveCfg = Release|Any CPU
		{091E2EDB-68C1-4E91-A38D-9ADEAAAD1F82}.Release|iPhoneSimulator.Build.0 = Release|Any CPU
		{091E2EDB-68C1-4E91-A38D-9ADEAAAD1F82}.Release|x64.ActiveCfg = Release|Any CPU
		{091E2EDB-68C1-4E91-A38D-9ADEAAAD1F82}.Release|x86.ActiveCfg = Release|Any CPU
		{3E1BD44C-9E1D-4743-B0EF-B2BE0427F15B}.Debug|Any CPU.ActiveCfg = Debug|Any CPU
		{3E1BD44C-9E1D-4743-B0EF-B2BE0427F15B}.Debug|Any CPU.Build.0 = Debug|Any CPU
		{3E1BD44C-9E1D-4743-B0EF-B2BE0427F15B}.Debug|ARM.ActiveCfg = Debug|Any CPU
		{3E1BD44C-9E1D-4743-B0EF-B2BE0427F15B}.Debug|iPhone.ActiveCfg = Debug|Any CPU
		{3E1BD44C-9E1D-4743-B0EF-B2BE0427F15B}.Debug|iPhone.Build.0 = Debug|Any CPU
		{3E1BD44C-9E1D-4743-B0EF-B2BE0427F15B}.Debug|iPhoneSimulator.ActiveCfg = Debug|Any CPU
		{3E1BD44C-9E1D-4743-B0EF-B2BE0427F15B}.Debug|iPhoneSimulator.Build.0 = Debug|Any CPU
		{3E1BD44C-9E1D-4743-B0EF-B2BE0427F15B}.Debug|x64.ActiveCfg = Debug|Any CPU
		{3E1BD44C-9E1D-4743-B0EF-B2BE0427F15B}.Debug|x86.ActiveCfg = Debug|Any CPU
		{3E1BD44C-9E1D-4743-B0EF-B2BE0427F15B}.Release|Any CPU.ActiveCfg = Release|Any CPU
		{3E1BD44C-9E1D-4743-B0EF-B2BE0427F15B}.Release|Any CPU.Build.0 = Release|Any CPU
		{3E1BD44C-9E1D-4743-B0EF-B2BE0427F15B}.Release|ARM.ActiveCfg = Release|Any CPU
		{3E1BD44C-9E1D-4743-B0EF-B2BE0427F15B}.Release|iPhone.ActiveCfg = Release|Any CPU
		{3E1BD44C-9E1D-4743-B0EF-B2BE0427F15B}.Release|iPhone.Build.0 = Release|Any CPU
		{3E1BD44C-9E1D-4743-B0EF-B2BE0427F15B}.Release|iPhoneSimulator.ActiveCfg = Release|Any CPU
		{3E1BD44C-9E1D-4743-B0EF-B2BE0427F15B}.Release|iPhoneSimulator.Build.0 = Release|Any CPU
		{3E1BD44C-9E1D-4743-B0EF-B2BE0427F15B}.Release|x64.ActiveCfg = Release|Any CPU
		{3E1BD44C-9E1D-4743-B0EF-B2BE0427F15B}.Release|x86.ActiveCfg = Release|Any CPU
		{3FB8DAA1-71FE-4E92-8E32-9F91DE50127C}.Debug|Any CPU.ActiveCfg = Debug|Any CPU
		{3FB8DAA1-71FE-4E92-8E32-9F91DE50127C}.Debug|Any CPU.Build.0 = Debug|Any CPU
		{3FB8DAA1-71FE-4E92-8E32-9F91DE50127C}.Debug|ARM.ActiveCfg = Debug|Any CPU
		{3FB8DAA1-71FE-4E92-8E32-9F91DE50127C}.Debug|iPhone.ActiveCfg = Debug|Any CPU
		{3FB8DAA1-71FE-4E92-8E32-9F91DE50127C}.Debug|iPhone.Build.0 = Debug|Any CPU
		{3FB8DAA1-71FE-4E92-8E32-9F91DE50127C}.Debug|iPhoneSimulator.ActiveCfg = Debug|Any CPU
		{3FB8DAA1-71FE-4E92-8E32-9F91DE50127C}.Debug|iPhoneSimulator.Build.0 = Debug|Any CPU
		{3FB8DAA1-71FE-4E92-8E32-9F91DE50127C}.Debug|x64.ActiveCfg = Debug|Any CPU
		{3FB8DAA1-71FE-4E92-8E32-9F91DE50127C}.Debug|x86.ActiveCfg = Debug|Any CPU
		{3FB8DAA1-71FE-4E92-8E32-9F91DE50127C}.Release|Any CPU.ActiveCfg = Release|Any CPU
		{3FB8DAA1-71FE-4E92-8E32-9F91DE50127C}.Release|Any CPU.Build.0 = Release|Any CPU
		{3FB8DAA1-71FE-4E92-8E32-9F91DE50127C}.Release|ARM.ActiveCfg = Release|Any CPU
		{3FB8DAA1-71FE-4E92-8E32-9F91DE50127C}.Release|iPhone.ActiveCfg = Release|Any CPU
		{3FB8DAA1-71FE-4E92-8E32-9F91DE50127C}.Release|iPhone.Build.0 = Release|Any CPU
		{3FB8DAA1-71FE-4E92-8E32-9F91DE50127C}.Release|iPhoneSimulator.ActiveCfg = Release|Any CPU
		{3FB8DAA1-71FE-4E92-8E32-9F91DE50127C}.Release|iPhoneSimulator.Build.0 = Release|Any CPU
		{3FB8DAA1-71FE-4E92-8E32-9F91DE50127C}.Release|x64.ActiveCfg = Release|Any CPU
		{3FB8DAA1-71FE-4E92-8E32-9F91DE50127C}.Release|x86.ActiveCfg = Release|Any CPU
		{4837CFC3-C328-4621-8973-B3A020D7D4A5}.Debug|Any CPU.ActiveCfg = Debug|Any CPU
		{4837CFC3-C328-4621-8973-B3A020D7D4A5}.Debug|Any CPU.Build.0 = Debug|Any CPU
		{4837CFC3-C328-4621-8973-B3A020D7D4A5}.Debug|ARM.ActiveCfg = Debug|Any CPU
		{4837CFC3-C328-4621-8973-B3A020D7D4A5}.Debug|iPhone.ActiveCfg = Debug|Any CPU
		{4837CFC3-C328-4621-8973-B3A020D7D4A5}.Debug|iPhone.Build.0 = Debug|Any CPU
		{4837CFC3-C328-4621-8973-B3A020D7D4A5}.Debug|iPhoneSimulator.ActiveCfg = Debug|Any CPU
		{4837CFC3-C328-4621-8973-B3A020D7D4A5}.Debug|iPhoneSimulator.Build.0 = Debug|Any CPU
		{4837CFC3-C328-4621-8973-B3A020D7D4A5}.Debug|x64.ActiveCfg = Debug|Any CPU
		{4837CFC3-C328-4621-8973-B3A020D7D4A5}.Debug|x86.ActiveCfg = Debug|Any CPU
		{4837CFC3-C328-4621-8973-B3A020D7D4A5}.Release|Any CPU.ActiveCfg = Release|Any CPU
		{4837CFC3-C328-4621-8973-B3A020D7D4A5}.Release|Any CPU.Build.0 = Release|Any CPU
		{4837CFC3-C328-4621-8973-B3A020D7D4A5}.Release|ARM.ActiveCfg = Release|Any CPU
		{4837CFC3-C328-4621-8973-B3A020D7D4A5}.Release|iPhone.ActiveCfg = Release|Any CPU
		{4837CFC3-C328-4621-8973-B3A020D7D4A5}.Release|iPhone.Build.0 = Release|Any CPU
		{4837CFC3-C328-4621-8973-B3A020D7D4A5}.Release|iPhoneSimulator.ActiveCfg = Release|Any CPU
		{4837CFC3-C328-4621-8973-B3A020D7D4A5}.Release|iPhoneSimulator.Build.0 = Release|Any CPU
		{4837CFC3-C328-4621-8973-B3A020D7D4A5}.Release|x64.ActiveCfg = Release|Any CPU
		{4837CFC3-C328-4621-8973-B3A020D7D4A5}.Release|x86.ActiveCfg = Release|Any CPU
		{58EEAFFF-D1BB-4375-AEFC-8270F8415DCE}.Debug|Any CPU.ActiveCfg = Debug|Any CPU
		{58EEAFFF-D1BB-4375-AEFC-8270F8415DCE}.Debug|Any CPU.Build.0 = Debug|Any CPU
		{58EEAFFF-D1BB-4375-AEFC-8270F8415DCE}.Debug|ARM.ActiveCfg = Debug|Any CPU
		{58EEAFFF-D1BB-4375-AEFC-8270F8415DCE}.Debug|iPhone.ActiveCfg = Debug|Any CPU
		{58EEAFFF-D1BB-4375-AEFC-8270F8415DCE}.Debug|iPhone.Build.0 = Debug|Any CPU
		{58EEAFFF-D1BB-4375-AEFC-8270F8415DCE}.Debug|iPhoneSimulator.ActiveCfg = Debug|Any CPU
		{58EEAFFF-D1BB-4375-AEFC-8270F8415DCE}.Debug|iPhoneSimulator.Build.0 = Debug|Any CPU
		{58EEAFFF-D1BB-4375-AEFC-8270F8415DCE}.Debug|x64.ActiveCfg = Debug|Any CPU
		{58EEAFFF-D1BB-4375-AEFC-8270F8415DCE}.Debug|x86.ActiveCfg = Debug|Any CPU
		{58EEAFFF-D1BB-4375-AEFC-8270F8415DCE}.Release|Any CPU.ActiveCfg = Release|Any CPU
		{58EEAFFF-D1BB-4375-AEFC-8270F8415DCE}.Release|Any CPU.Build.0 = Release|Any CPU
		{58EEAFFF-D1BB-4375-AEFC-8270F8415DCE}.Release|ARM.ActiveCfg = Release|Any CPU
		{58EEAFFF-D1BB-4375-AEFC-8270F8415DCE}.Release|iPhone.ActiveCfg = Release|Any CPU
		{58EEAFFF-D1BB-4375-AEFC-8270F8415DCE}.Release|iPhone.Build.0 = Release|Any CPU
		{58EEAFFF-D1BB-4375-AEFC-8270F8415DCE}.Release|iPhoneSimulator.ActiveCfg = Release|Any CPU
		{58EEAFFF-D1BB-4375-AEFC-8270F8415DCE}.Release|iPhoneSimulator.Build.0 = Release|Any CPU
		{58EEAFFF-D1BB-4375-AEFC-8270F8415DCE}.Release|x64.ActiveCfg = Release|Any CPU
		{58EEAFFF-D1BB-4375-AEFC-8270F8415DCE}.Release|x86.ActiveCfg = Release|Any CPU
		{645A99FC-DC8B-4A34-9B0E-27C2FD719218}.Debug|Any CPU.ActiveCfg = Debug|Any CPU
		{645A99FC-DC8B-4A34-9B0E-27C2FD719218}.Debug|Any CPU.Build.0 = Debug|Any CPU
		{645A99FC-DC8B-4A34-9B0E-27C2FD719218}.Debug|ARM.ActiveCfg = Debug|ARM
		{645A99FC-DC8B-4A34-9B0E-27C2FD719218}.Debug|ARM.Build.0 = Debug|ARM
		{645A99FC-DC8B-4A34-9B0E-27C2FD719218}.Debug|iPhone.ActiveCfg = Debug|Any CPU
		{645A99FC-DC8B-4A34-9B0E-27C2FD719218}.Debug|iPhone.Build.0 = Debug|Any CPU
		{645A99FC-DC8B-4A34-9B0E-27C2FD719218}.Debug|iPhoneSimulator.ActiveCfg = Debug|Any CPU
		{645A99FC-DC8B-4A34-9B0E-27C2FD719218}.Debug|iPhoneSimulator.Build.0 = Debug|Any CPU
		{645A99FC-DC8B-4A34-9B0E-27C2FD719218}.Debug|x64.ActiveCfg = Debug|Any CPU
		{645A99FC-DC8B-4A34-9B0E-27C2FD719218}.Debug|x86.ActiveCfg = Debug|Any CPU
		{645A99FC-DC8B-4A34-9B0E-27C2FD719218}.Debug|x86.Build.0 = Debug|Any CPU
		{645A99FC-DC8B-4A34-9B0E-27C2FD719218}.Release|Any CPU.ActiveCfg = Release|Any CPU
		{645A99FC-DC8B-4A34-9B0E-27C2FD719218}.Release|Any CPU.Build.0 = Release|Any CPU
		{645A99FC-DC8B-4A34-9B0E-27C2FD719218}.Release|ARM.ActiveCfg = Release|ARM
		{645A99FC-DC8B-4A34-9B0E-27C2FD719218}.Release|ARM.Build.0 = Release|ARM
		{645A99FC-DC8B-4A34-9B0E-27C2FD719218}.Release|iPhone.ActiveCfg = Release|Any CPU
		{645A99FC-DC8B-4A34-9B0E-27C2FD719218}.Release|iPhone.Build.0 = Release|Any CPU
		{645A99FC-DC8B-4A34-9B0E-27C2FD719218}.Release|iPhoneSimulator.ActiveCfg = Release|Any CPU
		{645A99FC-DC8B-4A34-9B0E-27C2FD719218}.Release|iPhoneSimulator.Build.0 = Release|Any CPU
		{645A99FC-DC8B-4A34-9B0E-27C2FD719218}.Release|x64.ActiveCfg = Release|Any CPU
		{645A99FC-DC8B-4A34-9B0E-27C2FD719218}.Release|x86.ActiveCfg = Release|x86
		{645A99FC-DC8B-4A34-9B0E-27C2FD719218}.Release|x86.Build.0 = Release|x86
		{65249DF3-6ABF-4C78-9205-3E79F79E4E75}.Debug|Any CPU.ActiveCfg = Debug|Any CPU
		{65249DF3-6ABF-4C78-9205-3E79F79E4E75}.Debug|Any CPU.Build.0 = Debug|Any CPU
		{65249DF3-6ABF-4C78-9205-3E79F79E4E75}.Debug|ARM.ActiveCfg = Debug|Any CPU
		{65249DF3-6ABF-4C78-9205-3E79F79E4E75}.Debug|iPhone.ActiveCfg = Debug|Any CPU
		{65249DF3-6ABF-4C78-9205-3E79F79E4E75}.Debug|iPhone.Build.0 = Debug|Any CPU
		{65249DF3-6ABF-4C78-9205-3E79F79E4E75}.Debug|iPhoneSimulator.ActiveCfg = Debug|Any CPU
		{65249DF3-6ABF-4C78-9205-3E79F79E4E75}.Debug|iPhoneSimulator.Build.0 = Debug|Any CPU
		{65249DF3-6ABF-4C78-9205-3E79F79E4E75}.Debug|x64.ActiveCfg = Debug|Any CPU
		{65249DF3-6ABF-4C78-9205-3E79F79E4E75}.Debug|x86.ActiveCfg = Debug|Any CPU
		{65249DF3-6ABF-4C78-9205-3E79F79E4E75}.Release|Any CPU.ActiveCfg = Release|Any CPU
		{65249DF3-6ABF-4C78-9205-3E79F79E4E75}.Release|Any CPU.Build.0 = Release|Any CPU
		{65249DF3-6ABF-4C78-9205-3E79F79E4E75}.Release|ARM.ActiveCfg = Release|Any CPU
		{65249DF3-6ABF-4C78-9205-3E79F79E4E75}.Release|iPhone.ActiveCfg = Release|Any CPU
		{65249DF3-6ABF-4C78-9205-3E79F79E4E75}.Release|iPhone.Build.0 = Release|Any CPU
		{65249DF3-6ABF-4C78-9205-3E79F79E4E75}.Release|iPhoneSimulator.ActiveCfg = Release|Any CPU
		{65249DF3-6ABF-4C78-9205-3E79F79E4E75}.Release|iPhoneSimulator.Build.0 = Release|Any CPU
		{65249DF3-6ABF-4C78-9205-3E79F79E4E75}.Release|x64.ActiveCfg = Release|Any CPU
		{65249DF3-6ABF-4C78-9205-3E79F79E4E75}.Release|x86.ActiveCfg = Release|Any CPU
		{67F9D3A8-F71E-4428-913F-C37AE82CDB24}.Debug|Any CPU.ActiveCfg = Debug|Any CPU
		{67F9D3A8-F71E-4428-913F-C37AE82CDB24}.Debug|Any CPU.Build.0 = Debug|Any CPU
		{67F9D3A8-F71E-4428-913F-C37AE82CDB24}.Debug|ARM.ActiveCfg = Debug|Any CPU
		{67F9D3A8-F71E-4428-913F-C37AE82CDB24}.Debug|iPhone.ActiveCfg = Debug|Any CPU
		{67F9D3A8-F71E-4428-913F-C37AE82CDB24}.Debug|iPhone.Build.0 = Debug|Any CPU
		{67F9D3A8-F71E-4428-913F-C37AE82CDB24}.Debug|iPhoneSimulator.ActiveCfg = Debug|Any CPU
		{67F9D3A8-F71E-4428-913F-C37AE82CDB24}.Debug|iPhoneSimulator.Build.0 = Debug|Any CPU
		{67F9D3A8-F71E-4428-913F-C37AE82CDB24}.Debug|x64.ActiveCfg = Debug|Any CPU
		{67F9D3A8-F71E-4428-913F-C37AE82CDB24}.Debug|x86.ActiveCfg = Debug|Any CPU
		{67F9D3A8-F71E-4428-913F-C37AE82CDB24}.Release|Any CPU.ActiveCfg = Release|Any CPU
		{67F9D3A8-F71E-4428-913F-C37AE82CDB24}.Release|Any CPU.Build.0 = Release|Any CPU
		{67F9D3A8-F71E-4428-913F-C37AE82CDB24}.Release|ARM.ActiveCfg = Release|Any CPU
		{67F9D3A8-F71E-4428-913F-C37AE82CDB24}.Release|iPhone.ActiveCfg = Release|Any CPU
		{67F9D3A8-F71E-4428-913F-C37AE82CDB24}.Release|iPhone.Build.0 = Release|Any CPU
		{67F9D3A8-F71E-4428-913F-C37AE82CDB24}.Release|iPhoneSimulator.ActiveCfg = Release|Any CPU
		{67F9D3A8-F71E-4428-913F-C37AE82CDB24}.Release|iPhoneSimulator.Build.0 = Release|Any CPU
		{67F9D3A8-F71E-4428-913F-C37AE82CDB24}.Release|x64.ActiveCfg = Release|Any CPU
		{67F9D3A8-F71E-4428-913F-C37AE82CDB24}.Release|x86.ActiveCfg = Release|Any CPU
		{736B61A6-AB4B-404A-8253-4D67C38B710D}.Debug|Any CPU.ActiveCfg = Debug|Any CPU
		{736B61A6-AB4B-404A-8253-4D67C38B710D}.Debug|Any CPU.Build.0 = Debug|Any CPU
		{736B61A6-AB4B-404A-8253-4D67C38B710D}.Debug|Any CPU.Deploy.0 = Debug|Any CPU
		{736B61A6-AB4B-404A-8253-4D67C38B710D}.Debug|ARM.ActiveCfg = Debug|ARM
		{736B61A6-AB4B-404A-8253-4D67C38B710D}.Debug|ARM.Build.0 = Debug|ARM
		{736B61A6-AB4B-404A-8253-4D67C38B710D}.Debug|ARM.Deploy.0 = Debug|ARM
		{736B61A6-AB4B-404A-8253-4D67C38B710D}.Debug|iPhone.ActiveCfg = Debug|Any CPU
		{736B61A6-AB4B-404A-8253-4D67C38B710D}.Debug|iPhone.Build.0 = Debug|Any CPU
		{736B61A6-AB4B-404A-8253-4D67C38B710D}.Debug|iPhoneSimulator.ActiveCfg = Debug|Any CPU
		{736B61A6-AB4B-404A-8253-4D67C38B710D}.Debug|iPhoneSimulator.Build.0 = Debug|Any CPU
		{736B61A6-AB4B-404A-8253-4D67C38B710D}.Debug|x64.ActiveCfg = Debug|Any CPU
		{736B61A6-AB4B-404A-8253-4D67C38B710D}.Debug|x86.ActiveCfg = Debug|x86
		{736B61A6-AB4B-404A-8253-4D67C38B710D}.Debug|x86.Build.0 = Debug|x86
		{736B61A6-AB4B-404A-8253-4D67C38B710D}.Debug|x86.Deploy.0 = Debug|x86
		{736B61A6-AB4B-404A-8253-4D67C38B710D}.Release|Any CPU.ActiveCfg = Release|Any CPU
		{736B61A6-AB4B-404A-8253-4D67C38B710D}.Release|Any CPU.Build.0 = Release|Any CPU
		{736B61A6-AB4B-404A-8253-4D67C38B710D}.Release|Any CPU.Deploy.0 = Release|Any CPU
		{736B61A6-AB4B-404A-8253-4D67C38B710D}.Release|ARM.ActiveCfg = Release|ARM
		{736B61A6-AB4B-404A-8253-4D67C38B710D}.Release|ARM.Build.0 = Release|ARM
		{736B61A6-AB4B-404A-8253-4D67C38B710D}.Release|ARM.Deploy.0 = Release|ARM
		{736B61A6-AB4B-404A-8253-4D67C38B710D}.Release|iPhone.ActiveCfg = Release|Any CPU
		{736B61A6-AB4B-404A-8253-4D67C38B710D}.Release|iPhone.Build.0 = Release|Any CPU
		{736B61A6-AB4B-404A-8253-4D67C38B710D}.Release|iPhoneSimulator.ActiveCfg = Release|Any CPU
		{736B61A6-AB4B-404A-8253-4D67C38B710D}.Release|iPhoneSimulator.Build.0 = Release|Any CPU
		{736B61A6-AB4B-404A-8253-4D67C38B710D}.Release|x64.ActiveCfg = Release|Any CPU
		{736B61A6-AB4B-404A-8253-4D67C38B710D}.Release|x86.ActiveCfg = Release|x86
		{736B61A6-AB4B-404A-8253-4D67C38B710D}.Release|x86.Build.0 = Release|x86
		{736B61A6-AB4B-404A-8253-4D67C38B710D}.Release|x86.Deploy.0 = Release|x86
		{8711265B-1D11-4481-8129-90F56B6D2CB8}.Debug|Any CPU.ActiveCfg = Debug|Any CPU
		{8711265B-1D11-4481-8129-90F56B6D2CB8}.Debug|Any CPU.Build.0 = Debug|Any CPU
		{8711265B-1D11-4481-8129-90F56B6D2CB8}.Debug|ARM.ActiveCfg = Debug|Any CPU
		{8711265B-1D11-4481-8129-90F56B6D2CB8}.Debug|iPhone.ActiveCfg = Debug|Any CPU
		{8711265B-1D11-4481-8129-90F56B6D2CB8}.Debug|iPhone.Build.0 = Debug|Any CPU
		{8711265B-1D11-4481-8129-90F56B6D2CB8}.Debug|iPhoneSimulator.ActiveCfg = Debug|Any CPU
		{8711265B-1D11-4481-8129-90F56B6D2CB8}.Debug|iPhoneSimulator.Build.0 = Debug|Any CPU
		{8711265B-1D11-4481-8129-90F56B6D2CB8}.Debug|x64.ActiveCfg = Debug|Any CPU
		{8711265B-1D11-4481-8129-90F56B6D2CB8}.Debug|x86.ActiveCfg = Debug|Any CPU
		{8711265B-1D11-4481-8129-90F56B6D2CB8}.Release|Any CPU.ActiveCfg = Release|Any CPU
		{8711265B-1D11-4481-8129-90F56B6D2CB8}.Release|Any CPU.Build.0 = Release|Any CPU
		{8711265B-1D11-4481-8129-90F56B6D2CB8}.Release|ARM.ActiveCfg = Release|Any CPU
		{8711265B-1D11-4481-8129-90F56B6D2CB8}.Release|iPhone.ActiveCfg = Release|Any CPU
		{8711265B-1D11-4481-8129-90F56B6D2CB8}.Release|iPhone.Build.0 = Release|Any CPU
		{8711265B-1D11-4481-8129-90F56B6D2CB8}.Release|iPhoneSimulator.ActiveCfg = Release|Any CPU
		{8711265B-1D11-4481-8129-90F56B6D2CB8}.Release|iPhoneSimulator.Build.0 = Release|Any CPU
		{8711265B-1D11-4481-8129-90F56B6D2CB8}.Release|x64.ActiveCfg = Release|Any CPU
		{8711265B-1D11-4481-8129-90F56B6D2CB8}.Release|x86.ActiveCfg = Release|Any CPU
		{AB85F90E-2172-493E-B5D1-57F929557F86}.Debug|Any CPU.ActiveCfg = Debug|Any CPU
		{AB85F90E-2172-493E-B5D1-57F929557F86}.Debug|Any CPU.Build.0 = Debug|Any CPU
		{AB85F90E-2172-493E-B5D1-57F929557F86}.Debug|ARM.ActiveCfg = Debug|Any CPU
		{AB85F90E-2172-493E-B5D1-57F929557F86}.Debug|iPhone.ActiveCfg = Debug|Any CPU
		{AB85F90E-2172-493E-B5D1-57F929557F86}.Debug|iPhone.Build.0 = Debug|Any CPU
		{AB85F90E-2172-493E-B5D1-57F929557F86}.Debug|iPhoneSimulator.ActiveCfg = Debug|Any CPU
		{AB85F90E-2172-493E-B5D1-57F929557F86}.Debug|iPhoneSimulator.Build.0 = Debug|Any CPU
		{AB85F90E-2172-493E-B5D1-57F929557F86}.Debug|x64.ActiveCfg = Debug|Any CPU
		{AB85F90E-2172-493E-B5D1-57F929557F86}.Debug|x86.ActiveCfg = Debug|Any CPU
		{AB85F90E-2172-493E-B5D1-57F929557F86}.Release|Any CPU.ActiveCfg = Release|Any CPU
		{AB85F90E-2172-493E-B5D1-57F929557F86}.Release|Any CPU.Build.0 = Release|Any CPU
		{AB85F90E-2172-493E-B5D1-57F929557F86}.Release|ARM.ActiveCfg = Release|Any CPU
		{AB85F90E-2172-493E-B5D1-57F929557F86}.Release|iPhone.ActiveCfg = Release|Any CPU
		{AB85F90E-2172-493E-B5D1-57F929557F86}.Release|iPhone.Build.0 = Release|Any CPU
		{AB85F90E-2172-493E-B5D1-57F929557F86}.Release|iPhoneSimulator.ActiveCfg = Release|Any CPU
		{AB85F90E-2172-493E-B5D1-57F929557F86}.Release|iPhoneSimulator.Build.0 = Release|Any CPU
		{AB85F90E-2172-493E-B5D1-57F929557F86}.Release|x64.ActiveCfg = Release|Any CPU
		{AB85F90E-2172-493E-B5D1-57F929557F86}.Release|x86.ActiveCfg = Release|Any CPU
		{B29084FF-2414-427C-B278-5284F1BDBC31}.Debug|Any CPU.ActiveCfg = Debug|Any CPU
		{B29084FF-2414-427C-B278-5284F1BDBC31}.Debug|Any CPU.Build.0 = Debug|Any CPU
		{B29084FF-2414-427C-B278-5284F1BDBC31}.Debug|Any CPU.Deploy.0 = Debug|Any CPU
		{B29084FF-2414-427C-B278-5284F1BDBC31}.Debug|ARM.ActiveCfg = Debug|ARM
		{B29084FF-2414-427C-B278-5284F1BDBC31}.Debug|ARM.Build.0 = Debug|ARM
		{B29084FF-2414-427C-B278-5284F1BDBC31}.Debug|ARM.Deploy.0 = Debug|ARM
		{B29084FF-2414-427C-B278-5284F1BDBC31}.Debug|iPhone.ActiveCfg = Debug|Any CPU
		{B29084FF-2414-427C-B278-5284F1BDBC31}.Debug|iPhone.Build.0 = Debug|Any CPU
		{B29084FF-2414-427C-B278-5284F1BDBC31}.Debug|iPhoneSimulator.ActiveCfg = Debug|Any CPU
		{B29084FF-2414-427C-B278-5284F1BDBC31}.Debug|iPhoneSimulator.Build.0 = Debug|Any CPU
		{B29084FF-2414-427C-B278-5284F1BDBC31}.Debug|x64.ActiveCfg = Debug|Any CPU
		{B29084FF-2414-427C-B278-5284F1BDBC31}.Debug|x86.ActiveCfg = Debug|x86
		{B29084FF-2414-427C-B278-5284F1BDBC31}.Debug|x86.Build.0 = Debug|x86
		{B29084FF-2414-427C-B278-5284F1BDBC31}.Debug|x86.Deploy.0 = Debug|x86
		{B29084FF-2414-427C-B278-5284F1BDBC31}.Release|Any CPU.ActiveCfg = Release|Any CPU
		{B29084FF-2414-427C-B278-5284F1BDBC31}.Release|Any CPU.Build.0 = Release|Any CPU
		{B29084FF-2414-427C-B278-5284F1BDBC31}.Release|Any CPU.Deploy.0 = Release|Any CPU
		{B29084FF-2414-427C-B278-5284F1BDBC31}.Release|ARM.ActiveCfg = Release|ARM
		{B29084FF-2414-427C-B278-5284F1BDBC31}.Release|ARM.Build.0 = Release|ARM
		{B29084FF-2414-427C-B278-5284F1BDBC31}.Release|ARM.Deploy.0 = Release|ARM
		{B29084FF-2414-427C-B278-5284F1BDBC31}.Release|iPhone.ActiveCfg = Release|Any CPU
		{B29084FF-2414-427C-B278-5284F1BDBC31}.Release|iPhone.Build.0 = Release|Any CPU
		{B29084FF-2414-427C-B278-5284F1BDBC31}.Release|iPhoneSimulator.ActiveCfg = Release|Any CPU
		{B29084FF-2414-427C-B278-5284F1BDBC31}.Release|iPhoneSimulator.Build.0 = Release|Any CPU
		{B29084FF-2414-427C-B278-5284F1BDBC31}.Release|x64.ActiveCfg = Release|Any CPU
		{B29084FF-2414-427C-B278-5284F1BDBC31}.Release|x86.ActiveCfg = Release|x86
		{B29084FF-2414-427C-B278-5284F1BDBC31}.Release|x86.Build.0 = Release|x86
		{B29084FF-2414-427C-B278-5284F1BDBC31}.Release|x86.Deploy.0 = Release|x86
		{D76CCB16-E6DF-4EA8-AFC6-BA91132756B8}.Debug|Any CPU.ActiveCfg = Debug|Any CPU
		{D76CCB16-E6DF-4EA8-AFC6-BA91132756B8}.Debug|Any CPU.Build.0 = Debug|Any CPU
		{D76CCB16-E6DF-4EA8-AFC6-BA91132756B8}.Debug|ARM.ActiveCfg = Debug|Any CPU
		{D76CCB16-E6DF-4EA8-AFC6-BA91132756B8}.Debug|iPhone.ActiveCfg = Debug|Any CPU
		{D76CCB16-E6DF-4EA8-AFC6-BA91132756B8}.Debug|iPhone.Build.0 = Debug|Any CPU
		{D76CCB16-E6DF-4EA8-AFC6-BA91132756B8}.Debug|iPhoneSimulator.ActiveCfg = Debug|Any CPU
		{D76CCB16-E6DF-4EA8-AFC6-BA91132756B8}.Debug|iPhoneSimulator.Build.0 = Debug|Any CPU
		{D76CCB16-E6DF-4EA8-AFC6-BA91132756B8}.Debug|x64.ActiveCfg = Debug|Any CPU
		{D76CCB16-E6DF-4EA8-AFC6-BA91132756B8}.Debug|x86.ActiveCfg = Debug|Any CPU
		{D76CCB16-E6DF-4EA8-AFC6-BA91132756B8}.Release|Any CPU.ActiveCfg = Release|Any CPU
		{D76CCB16-E6DF-4EA8-AFC6-BA91132756B8}.Release|Any CPU.Build.0 = Release|Any CPU
		{D76CCB16-E6DF-4EA8-AFC6-BA91132756B8}.Release|ARM.ActiveCfg = Release|Any CPU
		{D76CCB16-E6DF-4EA8-AFC6-BA91132756B8}.Release|iPhone.ActiveCfg = Release|Any CPU
		{D76CCB16-E6DF-4EA8-AFC6-BA91132756B8}.Release|iPhone.Build.0 = Release|Any CPU
		{D76CCB16-E6DF-4EA8-AFC6-BA91132756B8}.Release|iPhoneSimulator.ActiveCfg = Release|Any CPU
		{D76CCB16-E6DF-4EA8-AFC6-BA91132756B8}.Release|iPhoneSimulator.Build.0 = Release|Any CPU
		{D76CCB16-E6DF-4EA8-AFC6-BA91132756B8}.Release|x64.ActiveCfg = Release|Any CPU
		{D76CCB16-E6DF-4EA8-AFC6-BA91132756B8}.Release|x86.ActiveCfg = Release|Any CPU
		{E6F3182E-2970-4525-BB52-71935287E8D2}.Debug|Any CPU.ActiveCfg = Debug|Any CPU
		{E6F3182E-2970-4525-BB52-71935287E8D2}.Debug|Any CPU.Build.0 = Debug|Any CPU
		{E6F3182E-2970-4525-BB52-71935287E8D2}.Debug|ARM.ActiveCfg = Debug|Any CPU
		{E6F3182E-2970-4525-BB52-71935287E8D2}.Debug|iPhone.ActiveCfg = Debug|Any CPU
		{E6F3182E-2970-4525-BB52-71935287E8D2}.Debug|iPhone.Build.0 = Debug|Any CPU
		{E6F3182E-2970-4525-BB52-71935287E8D2}.Debug|iPhoneSimulator.ActiveCfg = Debug|Any CPU
		{E6F3182E-2970-4525-BB52-71935287E8D2}.Debug|iPhoneSimulator.Build.0 = Debug|Any CPU
		{E6F3182E-2970-4525-BB52-71935287E8D2}.Debug|x64.ActiveCfg = Debug|Any CPU
		{E6F3182E-2970-4525-BB52-71935287E8D2}.Debug|x86.ActiveCfg = Debug|Any CPU
		{E6F3182E-2970-4525-BB52-71935287E8D2}.Release|Any CPU.ActiveCfg = Release|Any CPU
		{E6F3182E-2970-4525-BB52-71935287E8D2}.Release|Any CPU.Build.0 = Release|Any CPU
		{E6F3182E-2970-4525-BB52-71935287E8D2}.Release|ARM.ActiveCfg = Release|Any CPU
		{E6F3182E-2970-4525-BB52-71935287E8D2}.Release|iPhone.ActiveCfg = Release|Any CPU
		{E6F3182E-2970-4525-BB52-71935287E8D2}.Release|iPhone.Build.0 = Release|Any CPU
		{E6F3182E-2970-4525-BB52-71935287E8D2}.Release|iPhoneSimulator.ActiveCfg = Release|Any CPU
		{E6F3182E-2970-4525-BB52-71935287E8D2}.Release|iPhoneSimulator.Build.0 = Release|Any CPU
		{E6F3182E-2970-4525-BB52-71935287E8D2}.Release|x64.ActiveCfg = Release|Any CPU
		{E6F3182E-2970-4525-BB52-71935287E8D2}.Release|x86.ActiveCfg = Release|Any CPU
		{F2CC5B62-CE35-48DA-A828-5EC761E84CA5}.Debug|Any CPU.ActiveCfg = Debug|Any CPU
		{F2CC5B62-CE35-48DA-A828-5EC761E84CA5}.Debug|Any CPU.Build.0 = Debug|Any CPU
		{F2CC5B62-CE35-48DA-A828-5EC761E84CA5}.Debug|Any CPU.Deploy.0 = Debug|Any CPU
		{F2CC5B62-CE35-48DA-A828-5EC761E84CA5}.Debug|ARM.ActiveCfg = Debug|Any CPU
		{F2CC5B62-CE35-48DA-A828-5EC761E84CA5}.Debug|iPhone.ActiveCfg = Debug|Any CPU
		{F2CC5B62-CE35-48DA-A828-5EC761E84CA5}.Debug|iPhone.Build.0 = Debug|Any CPU
		{F2CC5B62-CE35-48DA-A828-5EC761E84CA5}.Debug|iPhoneSimulator.ActiveCfg = Debug|Any CPU
		{F2CC5B62-CE35-48DA-A828-5EC761E84CA5}.Debug|iPhoneSimulator.Build.0 = Debug|Any CPU
		{F2CC5B62-CE35-48DA-A828-5EC761E84CA5}.Debug|x64.ActiveCfg = Debug|Any CPU
		{F2CC5B62-CE35-48DA-A828-5EC761E84CA5}.Debug|x86.ActiveCfg = Debug|Any CPU
		{F2CC5B62-CE35-48DA-A828-5EC761E84CA5}.Release|Any CPU.ActiveCfg = Release|Any CPU
		{F2CC5B62-CE35-48DA-A828-5EC761E84CA5}.Release|Any CPU.Build.0 = Release|Any CPU
		{F2CC5B62-CE35-48DA-A828-5EC761E84CA5}.Release|Any CPU.Deploy.0 = Release|Any CPU
		{F2CC5B62-CE35-48DA-A828-5EC761E84CA5}.Release|ARM.ActiveCfg = Release|Any CPU
		{F2CC5B62-CE35-48DA-A828-5EC761E84CA5}.Release|iPhone.ActiveCfg = Release|Any CPU
		{F2CC5B62-CE35-48DA-A828-5EC761E84CA5}.Release|iPhone.Build.0 = Release|Any CPU
		{F2CC5B62-CE35-48DA-A828-5EC761E84CA5}.Release|iPhoneSimulator.ActiveCfg = Release|Any CPU
		{F2CC5B62-CE35-48DA-A828-5EC761E84CA5}.Release|iPhoneSimulator.Build.0 = Release|Any CPU
		{F2CC5B62-CE35-48DA-A828-5EC761E84CA5}.Release|x64.ActiveCfg = Release|Any CPU
		{F2CC5B62-CE35-48DA-A828-5EC761E84CA5}.Release|x86.ActiveCfg = Release|Any CPU
		{F7C5E00C-093A-4C10-9A3D-0FD01C9D21FE}.Debug|Any CPU.ActiveCfg = Debug|Any CPU
		{F7C5E00C-093A-4C10-9A3D-0FD01C9D21FE}.Debug|Any CPU.Build.0 = Debug|Any CPU
		{F7C5E00C-093A-4C10-9A3D-0FD01C9D21FE}.Debug|Any CPU.Deploy.0 = Debug|Any CPU
		{F7C5E00C-093A-4C10-9A3D-0FD01C9D21FE}.Debug|ARM.ActiveCfg = Debug|ARM
		{F7C5E00C-093A-4C10-9A3D-0FD01C9D21FE}.Debug|ARM.Build.0 = Debug|ARM
		{F7C5E00C-093A-4C10-9A3D-0FD01C9D21FE}.Debug|ARM.Deploy.0 = Debug|ARM
		{F7C5E00C-093A-4C10-9A3D-0FD01C9D21FE}.Debug|iPhone.ActiveCfg = Debug|Any CPU
		{F7C5E00C-093A-4C10-9A3D-0FD01C9D21FE}.Debug|iPhone.Build.0 = Debug|Any CPU
		{F7C5E00C-093A-4C10-9A3D-0FD01C9D21FE}.Debug|iPhoneSimulator.ActiveCfg = Debug|Any CPU
		{F7C5E00C-093A-4C10-9A3D-0FD01C9D21FE}.Debug|iPhoneSimulator.Build.0 = Debug|Any CPU
		{F7C5E00C-093A-4C10-9A3D-0FD01C9D21FE}.Debug|x64.ActiveCfg = Debug|x64
		{F7C5E00C-093A-4C10-9A3D-0FD01C9D21FE}.Debug|x64.Build.0 = Debug|x64
		{F7C5E00C-093A-4C10-9A3D-0FD01C9D21FE}.Debug|x64.Deploy.0 = Debug|x64
		{F7C5E00C-093A-4C10-9A3D-0FD01C9D21FE}.Debug|x86.ActiveCfg = Debug|x86
		{F7C5E00C-093A-4C10-9A3D-0FD01C9D21FE}.Debug|x86.Build.0 = Debug|x86
		{F7C5E00C-093A-4C10-9A3D-0FD01C9D21FE}.Debug|x86.Deploy.0 = Debug|x86
		{F7C5E00C-093A-4C10-9A3D-0FD01C9D21FE}.Release|Any CPU.ActiveCfg = Release|Any CPU
		{F7C5E00C-093A-4C10-9A3D-0FD01C9D21FE}.Release|Any CPU.Build.0 = Release|Any CPU
		{F7C5E00C-093A-4C10-9A3D-0FD01C9D21FE}.Release|Any CPU.Deploy.0 = Release|Any CPU
		{F7C5E00C-093A-4C10-9A3D-0FD01C9D21FE}.Release|ARM.ActiveCfg = Release|ARM
		{F7C5E00C-093A-4C10-9A3D-0FD01C9D21FE}.Release|ARM.Build.0 = Release|ARM
		{F7C5E00C-093A-4C10-9A3D-0FD01C9D21FE}.Release|ARM.Deploy.0 = Release|ARM
		{F7C5E00C-093A-4C10-9A3D-0FD01C9D21FE}.Release|iPhone.ActiveCfg = Release|Any CPU
		{F7C5E00C-093A-4C10-9A3D-0FD01C9D21FE}.Release|iPhone.Build.0 = Release|Any CPU
		{F7C5E00C-093A-4C10-9A3D-0FD01C9D21FE}.Release|iPhoneSimulator.ActiveCfg = Release|Any CPU
		{F7C5E00C-093A-4C10-9A3D-0FD01C9D21FE}.Release|iPhoneSimulator.Build.0 = Release|Any CPU
		{F7C5E00C-093A-4C10-9A3D-0FD01C9D21FE}.Release|x64.ActiveCfg = Release|x64
		{F7C5E00C-093A-4C10-9A3D-0FD01C9D21FE}.Release|x64.Build.0 = Release|x64
		{F7C5E00C-093A-4C10-9A3D-0FD01C9D21FE}.Release|x64.Deploy.0 = Release|x64
		{F7C5E00C-093A-4C10-9A3D-0FD01C9D21FE}.Release|x86.ActiveCfg = Release|x86
		{F7C5E00C-093A-4C10-9A3D-0FD01C9D21FE}.Release|x86.Build.0 = Release|x86
		{F7C5E00C-093A-4C10-9A3D-0FD01C9D21FE}.Release|x86.Deploy.0 = Release|x86
	EndGlobalSection
	GlobalSection(NestedProjects) = preSolution
		{67F9D3A8-F71E-4428-913F-C37AE82CDB24} = {294C534A-89CB-4452-881C-1B9C4C9B0C35}
		{645A99FC-DC8B-4A34-9B0E-27C2FD719218} = {294C534A-89CB-4452-881C-1B9C4C9B0C35}
		{58EEAFFF-D1BB-4375-AEFC-8270F8415DCE} = {294C534A-89CB-4452-881C-1B9C4C9B0C35}
		{D76CCB16-E6DF-4EA8-AFC6-BA91132756B8} = {3AF05842-16AC-4E07-8A63-1479B84BD8E9}
		{E6F3182E-2970-4525-BB52-71935287E8D2} = {8F496A84-6E1C-4D8F-8542-F029D9CFEAEA}
		{924654BF-A4DD-4A9B-B4EA-09DC0F90FD2A} = {D14604FB-9561-4718-B0B0-B62F531536BD}
		{9E72851D-D5D0-494E-9506-F7F93A9B7C68} = {D14604FB-9561-4718-B0B0-B62F531536BD}
		{211B78FE-600C-4B05-9154-583267D866DA} = {D14604FB-9561-4718-B0B0-B62F531536BD}
		{2685341B-F499-41A3-B3E9-BBC3BE281712} = {D14604FB-9561-4718-B0B0-B62F531536BD}
		{F7B8C9FB-73F1-49BE-8E17-91D23DCE87C0} = {D14604FB-9561-4718-B0B0-B62F531536BD}
		{091E2EDB-68C1-4E91-A38D-9ADEAAAD1F82} = {924654BF-A4DD-4A9B-B4EA-09DC0F90FD2A}
		{AB85F90E-2172-493E-B5D1-57F929557F86} = {924654BF-A4DD-4A9B-B4EA-09DC0F90FD2A}
		{8711265B-1D11-4481-8129-90F56B6D2CB8} = {924654BF-A4DD-4A9B-B4EA-09DC0F90FD2A}
		{3E1BD44C-9E1D-4743-B0EF-B2BE0427F15B} = {9E72851D-D5D0-494E-9506-F7F93A9B7C68}
		{65249DF3-6ABF-4C78-9205-3E79F79E4E75} = {211B78FE-600C-4B05-9154-583267D866DA}
		{8C9A21BF-BCD6-4F28-ACFF-F6C1BA2088B5} = {2685341B-F499-41A3-B3E9-BBC3BE281712}
		{E9CD078B-AC62-423D-836E-FF9BFE6DC012} = {2685341B-F499-41A3-B3E9-BBC3BE281712}
		{08740C3A-D833-448D-B1B2-788F622238E2} = {2685341B-F499-41A3-B3E9-BBC3BE281712}
		{87AC0E14-EE17-4F73-A2EE-4968850F5D51} = {2685341B-F499-41A3-B3E9-BBC3BE281712}
		{3DB91BCD-41F2-4A79-AEFF-649C77C2D878} = {2685341B-F499-41A3-B3E9-BBC3BE281712}
		{4837CFC3-C328-4621-8973-B3A020D7D4A5} = {F7B8C9FB-73F1-49BE-8E17-91D23DCE87C0}
	EndGlobalSection
	GlobalSection(SolutionProperties) = preSolution
		HideSolutionNode = FALSE
	EndGlobalSection
EndGlobal
